// !$*UTF8*$!
{
	archiveVersion = 1;
	classes = {
	};
	objectVersion = 56;
	objects = {

/* Begin PBXBuildFile section */
		1E07E90D297F0E0400622A02 /* Date+Extensions.swift in Sources */ = {isa = PBXBuildFile; fileRef = 1E07E90C297F0E0400622A02 /* Date+Extensions.swift */; };
		1E135FAB29804330009CA615 /* UIImage+Extensions.swift in Sources */ = {isa = PBXBuildFile; fileRef = 1E135FAA29804330009CA615 /* UIImage+Extensions.swift */; };
		1E135FAD298047D0009CA615 /* EventDetailCoordinator.swift in Sources */ = {isa = PBXBuildFile; fileRef = 1E135FAC298047D0009CA615 /* EventDetailCoordinator.swift */; };
		1E135FAF298048D5009CA615 /* EventDetailViewController.swift in Sources */ = {isa = PBXBuildFile; fileRef = 1E135FAE298048D5009CA615 /* EventDetailViewController.swift */; };
		1E135FB1298049ED009CA615 /* EventDetailViewModel.swift in Sources */ = {isa = PBXBuildFile; fileRef = 1E135FB0298049ED009CA615 /* EventDetailViewModel.swift */; };
		1E135FB329806A98009CA615 /* TimeRemainingStackView.swift in Sources */ = {isa = PBXBuildFile; fileRef = 1E135FB229806A98009CA615 /* TimeRemainingStackView.swift */; };
		1E135FB529806B25009CA615 /* TimeRemainingViewModel.swift in Sources */ = {isa = PBXBuildFile; fileRef = 1E135FB429806B25009CA615 /* TimeRemainingViewModel.swift */; };
		1E906C1D297C32FC00EA4406 /* AppDelegate.swift in Sources */ = {isa = PBXBuildFile; fileRef = 1E906C1C297C32FC00EA4406 /* AppDelegate.swift */; };
		1E906C1F297C32FC00EA4406 /* SceneDelegate.swift in Sources */ = {isa = PBXBuildFile; fileRef = 1E906C1E297C32FC00EA4406 /* SceneDelegate.swift */; };
		1E906C21297C32FC00EA4406 /* ViewController.swift in Sources */ = {isa = PBXBuildFile; fileRef = 1E906C20297C32FC00EA4406 /* ViewController.swift */; };
		1E906C24297C32FC00EA4406 /* Main.storyboard in Resources */ = {isa = PBXBuildFile; fileRef = 1E906C22297C32FC00EA4406 /* Main.storyboard */; };
		1E906C26297C32FD00EA4406 /* Assets.xcassets in Resources */ = {isa = PBXBuildFile; fileRef = 1E906C25297C32FD00EA4406 /* Assets.xcassets */; };
		1E906C29297C32FD00EA4406 /* LaunchScreen.storyboard in Resources */ = {isa = PBXBuildFile; fileRef = 1E906C27297C32FD00EA4406 /* LaunchScreen.storyboard */; };
		1E906C31297C334100EA4406 /* AppCoordinator.swift in Sources */ = {isa = PBXBuildFile; fileRef = 1E906C30297C334100EA4406 /* AppCoordinator.swift */; };
		1E906C33297C35E100EA4406 /* EventListCoordinator.swift in Sources */ = {isa = PBXBuildFile; fileRef = 1E906C32297C35E100EA4406 /* EventListCoordinator.swift */; };
		1E906C35297C369500EA4406 /* EventListViewController.swift in Sources */ = {isa = PBXBuildFile; fileRef = 1E906C34297C369500EA4406 /* EventListViewController.swift */; };
		1E906C37297C3C4C00EA4406 /* UIColor+Extensions.swift in Sources */ = {isa = PBXBuildFile; fileRef = 1E906C36297C3C4C00EA4406 /* UIColor+Extensions.swift */; };
		1E906C3D297C3E9400EA4406 /* MVVMExample.xcdatamodeld in Sources */ = {isa = PBXBuildFile; fileRef = 1E906C3B297C3E9300EA4406 /* MVVMExample.xcdatamodeld */; };
		1E906C3F297C400200EA4406 /* CoreDataManager.swift in Sources */ = {isa = PBXBuildFile; fileRef = 1E906C3E297C400200EA4406 /* CoreDataManager.swift */; };
		1E906C43297C64E000EA4406 /* EventListViewModel.swift in Sources */ = {isa = PBXBuildFile; fileRef = 1E906C42297C64E000EA4406 /* EventListViewModel.swift */; };
		1E906C45297C665200EA4406 /* AddEventCoordinator.swift in Sources */ = {isa = PBXBuildFile; fileRef = 1E906C44297C665200EA4406 /* AddEventCoordinator.swift */; };
		1E906C47297C6D9900EA4406 /* AddEventViewController.swift in Sources */ = {isa = PBXBuildFile; fileRef = 1E906C46297C6D9900EA4406 /* AddEventViewController.swift */; };
		1E906C49297C6E2A00EA4406 /* UIViewController+Extensions.swift in Sources */ = {isa = PBXBuildFile; fileRef = 1E906C48297C6E2A00EA4406 /* UIViewController+Extensions.swift */; };
		1E906C4B297C721F00EA4406 /* AddEventViewModel.swift in Sources */ = {isa = PBXBuildFile; fileRef = 1E906C4A297C721F00EA4406 /* AddEventViewModel.swift */; };
		1E906C4E297C817500EA4406 /* TitleSubtitleCellViewModel.swift in Sources */ = {isa = PBXBuildFile; fileRef = 1E906C4D297C817500EA4406 /* TitleSubtitleCellViewModel.swift */; };
		1E906C51297C81D100EA4406 /* TitleSubtitleCell.swift in Sources */ = {isa = PBXBuildFile; fileRef = 1E906C50297C81D100EA4406 /* TitleSubtitleCell.swift */; };
		1E906C53297D814700EA4406 /* ImagePickerCoordinator.swift in Sources */ = {isa = PBXBuildFile; fileRef = 1E906C52297D814700EA4406 /* ImagePickerCoordinator.swift */; };
		1E906C55297D898000EA4406 /* EventsCellBuilder.swift in Sources */ = {isa = PBXBuildFile; fileRef = 1E906C54297D898000EA4406 /* EventsCellBuilder.swift */; };
		1E906C57297DBFA800EA4406 /* EventCellViewModel.swift in Sources */ = {isa = PBXBuildFile; fileRef = 1E906C56297DBFA800EA4406 /* EventCellViewModel.swift */; };
		1E906C59297DC19000EA4406 /* EventCell.swift in Sources */ = {isa = PBXBuildFile; fileRef = 1E906C58297DC19000EA4406 /* EventCell.swift */; };
		1E906C5B297DC3D800EA4406 /* UIView+Extensions.swift in Sources */ = {isa = PBXBuildFile; fileRef = 1E906C5A297DC3D800EA4406 /* UIView+Extensions.swift */; };
		1EB17C112981A7E600D83E9F /* EditEventCoordinator.swift in Sources */ = {isa = PBXBuildFile; fileRef = 1EB17C102981A7E600D83E9F /* EditEventCoordinator.swift */; };
		1EB17C152981A99B00D83E9F /* EditEventViewController.swift in Sources */ = {isa = PBXBuildFile; fileRef = 1EB17C142981A99B00D83E9F /* EditEventViewController.swift */; };
		1EB17C172981AA3F00D83E9F /* EditEventViewModel.swift in Sources */ = {isa = PBXBuildFile; fileRef = 1EB17C162981AA3F00D83E9F /* EditEventViewModel.swift */; };
/* End PBXBuildFile section */

/* Begin PBXFileReference section */
		1E07E90C297F0E0400622A02 /* Date+Extensions.swift */ = {isa = PBXFileReference; lastKnownFileType = sourcecode.swift; path = "Date+Extensions.swift"; sourceTree = "<group>"; };
		1E135FAA29804330009CA615 /* UIImage+Extensions.swift */ = {isa = PBXFileReference; lastKnownFileType = sourcecode.swift; path = "UIImage+Extensions.swift"; sourceTree = "<group>"; };
		1E135FAC298047D0009CA615 /* EventDetailCoordinator.swift */ = {isa = PBXFileReference; lastKnownFileType = sourcecode.swift; path = EventDetailCoordinator.swift; sourceTree = "<group>"; };
		1E135FAE298048D5009CA615 /* EventDetailViewController.swift */ = {isa = PBXFileReference; lastKnownFileType = sourcecode.swift; path = EventDetailViewController.swift; sourceTree = "<group>"; };
		1E135FB0298049ED009CA615 /* EventDetailViewModel.swift */ = {isa = PBXFileReference; lastKnownFileType = sourcecode.swift; path = EventDetailViewModel.swift; sourceTree = "<group>"; };
		1E135FB229806A98009CA615 /* TimeRemainingStackView.swift */ = {isa = PBXFileReference; lastKnownFileType = sourcecode.swift; path = TimeRemainingStackView.swift; sourceTree = "<group>"; };
		1E135FB429806B25009CA615 /* TimeRemainingViewModel.swift */ = {isa = PBXFileReference; lastKnownFileType = sourcecode.swift; path = TimeRemainingViewModel.swift; sourceTree = "<group>"; };
		1E906C19297C32FC00EA4406 /* MVVMExample.app */ = {isa = PBXFileReference; explicitFileType = wrapper.application; includeInIndex = 0; path = MVVMExample.app; sourceTree = BUILT_PRODUCTS_DIR; };
		1E906C1C297C32FC00EA4406 /* AppDelegate.swift */ = {isa = PBXFileReference; lastKnownFileType = sourcecode.swift; path = AppDelegate.swift; sourceTree = "<group>"; };
		1E906C1E297C32FC00EA4406 /* SceneDelegate.swift */ = {isa = PBXFileReference; lastKnownFileType = sourcecode.swift; path = SceneDelegate.swift; sourceTree = "<group>"; };
		1E906C20297C32FC00EA4406 /* ViewController.swift */ = {isa = PBXFileReference; lastKnownFileType = sourcecode.swift; path = ViewController.swift; sourceTree = "<group>"; };
		1E906C23297C32FC00EA4406 /* Base */ = {isa = PBXFileReference; lastKnownFileType = file.storyboard; name = Base; path = Base.lproj/Main.storyboard; sourceTree = "<group>"; };
		1E906C25297C32FD00EA4406 /* Assets.xcassets */ = {isa = PBXFileReference; lastKnownFileType = folder.assetcatalog; path = Assets.xcassets; sourceTree = "<group>"; };
		1E906C28297C32FD00EA4406 /* Base */ = {isa = PBXFileReference; lastKnownFileType = file.storyboard; name = Base; path = Base.lproj/LaunchScreen.storyboard; sourceTree = "<group>"; };
		1E906C2A297C32FD00EA4406 /* Info.plist */ = {isa = PBXFileReference; lastKnownFileType = text.plist.xml; path = Info.plist; sourceTree = "<group>"; };
		1E906C30297C334100EA4406 /* AppCoordinator.swift */ = {isa = PBXFileReference; lastKnownFileType = sourcecode.swift; path = AppCoordinator.swift; sourceTree = "<group>"; };
		1E906C32297C35E100EA4406 /* EventListCoordinator.swift */ = {isa = PBXFileReference; lastKnownFileType = sourcecode.swift; path = EventListCoordinator.swift; sourceTree = "<group>"; };
		1E906C34297C369500EA4406 /* EventListViewController.swift */ = {isa = PBXFileReference; lastKnownFileType = sourcecode.swift; path = EventListViewController.swift; sourceTree = "<group>"; };
		1E906C36297C3C4C00EA4406 /* UIColor+Extensions.swift */ = {isa = PBXFileReference; lastKnownFileType = sourcecode.swift; path = "UIColor+Extensions.swift"; sourceTree = "<group>"; };
		1E906C3C297C3E9300EA4406 /* MVVMExample.xcdatamodel */ = {isa = PBXFileReference; lastKnownFileType = wrapper.xcdatamodel; path = MVVMExample.xcdatamodel; sourceTree = "<group>"; };
		1E906C3E297C400200EA4406 /* CoreDataManager.swift */ = {isa = PBXFileReference; lastKnownFileType = sourcecode.swift; path = CoreDataManager.swift; sourceTree = "<group>"; };
		1E906C42297C64E000EA4406 /* EventListViewModel.swift */ = {isa = PBXFileReference; lastKnownFileType = sourcecode.swift; path = EventListViewModel.swift; sourceTree = "<group>"; };
		1E906C44297C665200EA4406 /* AddEventCoordinator.swift */ = {isa = PBXFileReference; lastKnownFileType = sourcecode.swift; path = AddEventCoordinator.swift; sourceTree = "<group>"; };
		1E906C46297C6D9900EA4406 /* AddEventViewController.swift */ = {isa = PBXFileReference; lastKnownFileType = sourcecode.swift; path = AddEventViewController.swift; sourceTree = "<group>"; };
		1E906C48297C6E2A00EA4406 /* UIViewController+Extensions.swift */ = {isa = PBXFileReference; lastKnownFileType = sourcecode.swift; path = "UIViewController+Extensions.swift"; sourceTree = "<group>"; };
		1E906C4A297C721F00EA4406 /* AddEventViewModel.swift */ = {isa = PBXFileReference; lastKnownFileType = sourcecode.swift; path = AddEventViewModel.swift; sourceTree = "<group>"; };
		1E906C4D297C817500EA4406 /* TitleSubtitleCellViewModel.swift */ = {isa = PBXFileReference; lastKnownFileType = sourcecode.swift; path = TitleSubtitleCellViewModel.swift; sourceTree = "<group>"; };
		1E906C50297C81D100EA4406 /* TitleSubtitleCell.swift */ = {isa = PBXFileReference; lastKnownFileType = sourcecode.swift; path = TitleSubtitleCell.swift; sourceTree = "<group>"; };
		1E906C52297D814700EA4406 /* ImagePickerCoordinator.swift */ = {isa = PBXFileReference; lastKnownFileType = sourcecode.swift; path = ImagePickerCoordinator.swift; sourceTree = "<group>"; };
		1E906C54297D898000EA4406 /* EventsCellBuilder.swift */ = {isa = PBXFileReference; lastKnownFileType = sourcecode.swift; path = EventsCellBuilder.swift; sourceTree = "<group>"; };
		1E906C56297DBFA800EA4406 /* EventCellViewModel.swift */ = {isa = PBXFileReference; lastKnownFileType = sourcecode.swift; path = EventCellViewModel.swift; sourceTree = "<group>"; };
		1E906C58297DC19000EA4406 /* EventCell.swift */ = {isa = PBXFileReference; lastKnownFileType = sourcecode.swift; path = EventCell.swift; sourceTree = "<group>"; };
		1E906C5A297DC3D800EA4406 /* UIView+Extensions.swift */ = {isa = PBXFileReference; lastKnownFileType = sourcecode.swift; path = "UIView+Extensions.swift"; sourceTree = "<group>"; };
		1EB17C102981A7E600D83E9F /* EditEventCoordinator.swift */ = {isa = PBXFileReference; lastKnownFileType = sourcecode.swift; path = EditEventCoordinator.swift; sourceTree = "<group>"; };
		1EB17C142981A99B00D83E9F /* EditEventViewController.swift */ = {isa = PBXFileReference; lastKnownFileType = sourcecode.swift; path = EditEventViewController.swift; sourceTree = "<group>"; };
		1EB17C162981AA3F00D83E9F /* EditEventViewModel.swift */ = {isa = PBXFileReference; lastKnownFileType = sourcecode.swift; path = EditEventViewModel.swift; sourceTree = "<group>"; };
/* End PBXFileReference section */

/* Begin PBXFrameworksBuildPhase section */
		1E906C16297C32FC00EA4406 /* Frameworks */ = {
			isa = PBXFrameworksBuildPhase;
			buildActionMask = 2147483647;
			files = (
			);
			runOnlyForDeploymentPostprocessing = 0;
		};
/* End PBXFrameworksBuildPhase section */

/* Begin PBXGroup section */
		1E906C10297C32FC00EA4406 = {
			isa = PBXGroup;
			children = (
				1E906C1B297C32FC00EA4406 /* MVVMExample */,
				1E906C1A297C32FC00EA4406 /* Products */,
			);
			sourceTree = "<group>";
		};
		1E906C1A297C32FC00EA4406 /* Products */ = {
			isa = PBXGroup;
			children = (
				1E906C19297C32FC00EA4406 /* MVVMExample.app */,
			);
			name = Products;
			sourceTree = "<group>";
		};
		1E906C1B297C32FC00EA4406 /* MVVMExample */ = {
			isa = PBXGroup;
			children = (
				1E906C4F297C819E00EA4406 /* Views */,
				1E906C4C297C785100EA4406 /* ViewModels */,
				1E906C3A297C3E4D00EA4406 /* Coordinators */,
				1E906C39297C3E4700EA4406 /* Controllers */,
				1E906C38297C3E3900EA4406 /* Extensions */,
				1E906C1C297C32FC00EA4406 /* AppDelegate.swift */,
				1E906C1E297C32FC00EA4406 /* SceneDelegate.swift */,
				1E906C20297C32FC00EA4406 /* ViewController.swift */,
				1E906C22297C32FC00EA4406 /* Main.storyboard */,
				1E906C25297C32FD00EA4406 /* Assets.xcassets */,
				1E906C27297C32FD00EA4406 /* LaunchScreen.storyboard */,
				1E906C2A297C32FD00EA4406 /* Info.plist */,
				1E906C3B297C3E9300EA4406 /* MVVMExample.xcdatamodeld */,
				1E906C3E297C400200EA4406 /* CoreDataManager.swift */,
				1E906C54297D898000EA4406 /* EventsCellBuilder.swift */,
			);
			path = MVVMExample;
			sourceTree = "<group>";
		};
		1E906C38297C3E3900EA4406 /* Extensions */ = {
			isa = PBXGroup;
			children = (
				1E906C36297C3C4C00EA4406 /* UIColor+Extensions.swift */,
				1E906C48297C6E2A00EA4406 /* UIViewController+Extensions.swift */,
				1E906C5A297DC3D800EA4406 /* UIView+Extensions.swift */,
				1E07E90C297F0E0400622A02 /* Date+Extensions.swift */,
				1E135FAA29804330009CA615 /* UIImage+Extensions.swift */,
			);
			path = Extensions;
			sourceTree = "<group>";
		};
		1E906C39297C3E4700EA4406 /* Controllers */ = {
			isa = PBXGroup;
			children = (
				1E906C34297C369500EA4406 /* EventListViewController.swift */,
				1E906C46297C6D9900EA4406 /* AddEventViewController.swift */,
				1E135FAE298048D5009CA615 /* EventDetailViewController.swift */,
				1EB17C142981A99B00D83E9F /* EditEventViewController.swift */,
			);
			path = Controllers;
			sourceTree = "<group>";
		};
		1E906C3A297C3E4D00EA4406 /* Coordinators */ = {
			isa = PBXGroup;
			children = (
				1E906C30297C334100EA4406 /* AppCoordinator.swift */,
				1E906C32297C35E100EA4406 /* EventListCoordinator.swift */,
				1E906C44297C665200EA4406 /* AddEventCoordinator.swift */,
				1E906C52297D814700EA4406 /* ImagePickerCoordinator.swift */,
				1E135FAC298047D0009CA615 /* EventDetailCoordinator.swift */,
				1EB17C102981A7E600D83E9F /* EditEventCoordinator.swift */,
			);
			path = Coordinators;
			sourceTree = "<group>";
		};
		1E906C4C297C785100EA4406 /* ViewModels */ = {
			isa = PBXGroup;
			children = (
				1E906C42297C64E000EA4406 /* EventListViewModel.swift */,
				1E906C4A297C721F00EA4406 /* AddEventViewModel.swift */,
				1E906C4D297C817500EA4406 /* TitleSubtitleCellViewModel.swift */,
				1E906C56297DBFA800EA4406 /* EventCellViewModel.swift */,
				1E135FB0298049ED009CA615 /* EventDetailViewModel.swift */,
				1E135FB429806B25009CA615 /* TimeRemainingViewModel.swift */,
				1EB17C162981AA3F00D83E9F /* EditEventViewModel.swift */,
			);
			path = ViewModels;
			sourceTree = "<group>";
		};
		1E906C4F297C819E00EA4406 /* Views */ = {
			isa = PBXGroup;
			children = (
				1E906C50297C81D100EA4406 /* TitleSubtitleCell.swift */,
				1E906C58297DC19000EA4406 /* EventCell.swift */,
				1E135FB229806A98009CA615 /* TimeRemainingStackView.swift */,
			);
			path = Views;
			sourceTree = "<group>";
		};
/* End PBXGroup section */

/* Begin PBXNativeTarget section */
		1E906C18297C32FC00EA4406 /* MVVMExample */ = {
			isa = PBXNativeTarget;
			buildConfigurationList = 1E906C2D297C32FD00EA4406 /* Build configuration list for PBXNativeTarget "MVVMExample" */;
			buildPhases = (
				1E906C15297C32FC00EA4406 /* Sources */,
				1E906C16297C32FC00EA4406 /* Frameworks */,
				1E906C17297C32FC00EA4406 /* Resources */,
			);
			buildRules = (
			);
			dependencies = (
			);
			name = MVVMExample;
			productName = MVVMExample;
			productReference = 1E906C19297C32FC00EA4406 /* MVVMExample.app */;
			productType = "com.apple.product-type.application";
		};
/* End PBXNativeTarget section */

/* Begin PBXProject section */
		1E906C11297C32FC00EA4406 /* Project object */ = {
			isa = PBXProject;
			attributes = {
				BuildIndependentTargetsInParallel = 1;
				LastSwiftUpdateCheck = 1420;
				LastUpgradeCheck = 1420;
				TargetAttributes = {
					1E906C18297C32FC00EA4406 = {
						CreatedOnToolsVersion = 14.2;
					};
				};
			};
			buildConfigurationList = 1E906C14297C32FC00EA4406 /* Build configuration list for PBXProject "MVVMExample" */;
			compatibilityVersion = "Xcode 14.0";
			developmentRegion = en;
			hasScannedForEncodings = 0;
			knownRegions = (
				en,
				Base,
			);
			mainGroup = 1E906C10297C32FC00EA4406;
			productRefGroup = 1E906C1A297C32FC00EA4406 /* Products */;
			projectDirPath = "";
			projectRoot = "";
			targets = (
				1E906C18297C32FC00EA4406 /* MVVMExample */,
			);
		};
/* End PBXProject section */

/* Begin PBXResourcesBuildPhase section */
		1E906C17297C32FC00EA4406 /* Resources */ = {
			isa = PBXResourcesBuildPhase;
			buildActionMask = 2147483647;
			files = (
				1E906C29297C32FD00EA4406 /* LaunchScreen.storyboard in Resources */,
				1E906C26297C32FD00EA4406 /* Assets.xcassets in Resources */,
				1E906C24297C32FC00EA4406 /* Main.storyboard in Resources */,
			);
			runOnlyForDeploymentPostprocessing = 0;
		};
/* End PBXResourcesBuildPhase section */

/* Begin PBXSourcesBuildPhase section */
		1E906C15297C32FC00EA4406 /* Sources */ = {
			isa = PBXSourcesBuildPhase;
			buildActionMask = 2147483647;
			files = (
				1E906C5B297DC3D800EA4406 /* UIView+Extensions.swift in Sources */,
				1E135FAF298048D5009CA615 /* EventDetailViewController.swift in Sources */,
				1EB17C112981A7E600D83E9F /* EditEventCoordinator.swift in Sources */,
				1E07E90D297F0E0400622A02 /* Date+Extensions.swift in Sources */,
				1E906C37297C3C4C00EA4406 /* UIColor+Extensions.swift in Sources */,
				1EB17C172981AA3F00D83E9F /* EditEventViewModel.swift in Sources */,
				1E135FB529806B25009CA615 /* TimeRemainingViewModel.swift in Sources */,
				1E135FB1298049ED009CA615 /* EventDetailViewModel.swift in Sources */,
				1E135FB329806A98009CA615 /* TimeRemainingStackView.swift in Sources */,
				1E906C47297C6D9900EA4406 /* AddEventViewController.swift in Sources */,
				1E906C49297C6E2A00EA4406 /* UIViewController+Extensions.swift in Sources */,
				1E906C31297C334100EA4406 /* AppCoordinator.swift in Sources */,
				1E906C3D297C3E9400EA4406 /* MVVMExample.xcdatamodeld in Sources */,
				1E906C35297C369500EA4406 /* EventListViewController.swift in Sources */,
				1E906C21297C32FC00EA4406 /* ViewController.swift in Sources */,
				1E906C1D297C32FC00EA4406 /* AppDelegate.swift in Sources */,
				1EB17C152981A99B00D83E9F /* EditEventViewController.swift in Sources */,
				1E906C57297DBFA800EA4406 /* EventCellViewModel.swift in Sources */,
				1E906C53297D814700EA4406 /* ImagePickerCoordinator.swift in Sources */,
				1E906C51297C81D100EA4406 /* TitleSubtitleCell.swift in Sources */,
				1E906C3F297C400200EA4406 /* CoreDataManager.swift in Sources */,
				1E906C59297DC19000EA4406 /* EventCell.swift in Sources */,
				1E906C4E297C817500EA4406 /* TitleSubtitleCellViewModel.swift in Sources */,
				1E135FAD298047D0009CA615 /* EventDetailCoordinator.swift in Sources */,
				1E135FAB29804330009CA615 /* UIImage+Extensions.swift in Sources */,
				1E906C43297C64E000EA4406 /* EventListViewModel.swift in Sources */,
				1E906C1F297C32FC00EA4406 /* SceneDelegate.swift in Sources */,
				1E906C45297C665200EA4406 /* AddEventCoordinator.swift in Sources */,
				1E906C33297C35E100EA4406 /* EventListCoordinator.swift in Sources */,
				1E906C55297D898000EA4406 /* EventsCellBuilder.swift in Sources */,
				1E906C4B297C721F00EA4406 /* AddEventViewModel.swift in Sources */,
			);
			runOnlyForDeploymentPostprocessing = 0;
		};
/* End PBXSourcesBuildPhase section */

/* Begin PBXVariantGroup section */
		1E906C22297C32FC00EA4406 /* Main.storyboard */ = {
			isa = PBXVariantGroup;
			children = (
				1E906C23297C32FC00EA4406 /* Base */,
			);
			name = Main.storyboard;
			sourceTree = "<group>";
		};
		1E906C27297C32FD00EA4406 /* LaunchScreen.storyboard */ = {
			isa = PBXVariantGroup;
			children = (
				1E906C28297C32FD00EA4406 /* Base */,
			);
			name = LaunchScreen.storyboard;
			sourceTree = "<group>";
		};
/* End PBXVariantGroup section */

/* Begin XCBuildConfiguration section */
		1E906C2B297C32FD00EA4406 /* Debug */ = {
			isa = XCBuildConfiguration;
			buildSettings = {
				ALWAYS_SEARCH_USER_PATHS = NO;
				CLANG_ANALYZER_NONNULL = YES;
				CLANG_ANALYZER_NUMBER_OBJECT_CONVERSION = YES_AGGRESSIVE;
				CLANG_CXX_LANGUAGE_STANDARD = "gnu++20";
				CLANG_ENABLE_MODULES = YES;
				CLANG_ENABLE_OBJC_ARC = YES;
				CLANG_ENABLE_OBJC_WEAK = YES;
				CLANG_WARN_BLOCK_CAPTURE_AUTORELEASING = YES;
				CLANG_WARN_BOOL_CONVERSION = YES;
				CLANG_WARN_COMMA = YES;
				CLANG_WARN_CONSTANT_CONVERSION = YES;
				CLANG_WARN_DEPRECATED_OBJC_IMPLEMENTATIONS = YES;
				CLANG_WARN_DIRECT_OBJC_ISA_USAGE = YES_ERROR;
				CLANG_WARN_DOCUMENTATION_COMMENTS = YES;
				CLANG_WARN_EMPTY_BODY = YES;
				CLANG_WARN_ENUM_CONVERSION = YES;
				CLANG_WARN_INFINITE_RECURSION = YES;
				CLANG_WARN_INT_CONVERSION = YES;
				CLANG_WARN_NON_LITERAL_NULL_CONVERSION = YES;
				CLANG_WARN_OBJC_IMPLICIT_RETAIN_SELF = YES;
				CLANG_WARN_OBJC_LITERAL_CONVERSION = YES;
				CLANG_WARN_OBJC_ROOT_CLASS = YES_ERROR;
				CLANG_WARN_QUOTED_INCLUDE_IN_FRAMEWORK_HEADER = YES;
				CLANG_WARN_RANGE_LOOP_ANALYSIS = YES;
				CLANG_WARN_STRICT_PROTOTYPES = YES;
				CLANG_WARN_SUSPICIOUS_MOVE = YES;
				CLANG_WARN_UNGUARDED_AVAILABILITY = YES_AGGRESSIVE;
				CLANG_WARN_UNREACHABLE_CODE = YES;
				CLANG_WARN__DUPLICATE_METHOD_MATCH = YES;
				COPY_PHASE_STRIP = NO;
				DEBUG_INFORMATION_FORMAT = dwarf;
				ENABLE_STRICT_OBJC_MSGSEND = YES;
				ENABLE_TESTABILITY = YES;
				GCC_C_LANGUAGE_STANDARD = gnu11;
				GCC_DYNAMIC_NO_PIC = NO;
				GCC_NO_COMMON_BLOCKS = YES;
				GCC_OPTIMIZATION_LEVEL = 0;
				GCC_PREPROCESSOR_DEFINITIONS = (
					"DEBUG=1",
					"$(inherited)",
				);
				GCC_WARN_64_TO_32_BIT_CONVERSION = YES;
				GCC_WARN_ABOUT_RETURN_TYPE = YES_ERROR;
				GCC_WARN_UNDECLARED_SELECTOR = YES;
				GCC_WARN_UNINITIALIZED_AUTOS = YES_AGGRESSIVE;
				GCC_WARN_UNUSED_FUNCTION = YES;
				GCC_WARN_UNUSED_VARIABLE = YES;
				IPHONEOS_DEPLOYMENT_TARGET = 16.2;
				MTL_ENABLE_DEBUG_INFO = INCLUDE_SOURCE;
				MTL_FAST_MATH = YES;
				ONLY_ACTIVE_ARCH = YES;
				SDKROOT = iphoneos;
				SWIFT_ACTIVE_COMPILATION_CONDITIONS = DEBUG;
				SWIFT_OPTIMIZATION_LEVEL = "-Onone";
			};
			name = Debug;
		};
		1E906C2C297C32FD00EA4406 /* Release */ = {
			isa = XCBuildConfiguration;
			buildSettings = {
				ALWAYS_SEARCH_USER_PATHS = NO;
				CLANG_ANALYZER_NONNULL = YES;
				CLANG_ANALYZER_NUMBER_OBJECT_CONVERSION = YES_AGGRESSIVE;
				CLANG_CXX_LANGUAGE_STANDARD = "gnu++20";
				CLANG_ENABLE_MODULES = YES;
				CLANG_ENABLE_OBJC_ARC = YES;
				CLANG_ENABLE_OBJC_WEAK = YES;
				CLANG_WARN_BLOCK_CAPTURE_AUTORELEASING = YES;
				CLANG_WARN_BOOL_CONVERSION = YES;
				CLANG_WARN_COMMA = YES;
				CLANG_WARN_CONSTANT_CONVERSION = YES;
				CLANG_WARN_DEPRECATED_OBJC_IMPLEMENTATIONS = YES;
				CLANG_WARN_DIRECT_OBJC_ISA_USAGE = YES_ERROR;
				CLANG_WARN_DOCUMENTATION_COMMENTS = YES;
				CLANG_WARN_EMPTY_BODY = YES;
				CLANG_WARN_ENUM_CONVERSION = YES;
				CLANG_WARN_INFINITE_RECURSION = YES;
				CLANG_WARN_INT_CONVERSION = YES;
				CLANG_WARN_NON_LITERAL_NULL_CONVERSION = YES;
				CLANG_WARN_OBJC_IMPLICIT_RETAIN_SELF = YES;
				CLANG_WARN_OBJC_LITERAL_CONVERSION = YES;
				CLANG_WARN_OBJC_ROOT_CLASS = YES_ERROR;
				CLANG_WARN_QUOTED_INCLUDE_IN_FRAMEWORK_HEADER = YES;
				CLANG_WARN_RANGE_LOOP_ANALYSIS = YES;
				CLANG_WARN_STRICT_PROTOTYPES = YES;
				CLANG_WARN_SUSPICIOUS_MOVE = YES;
				CLANG_WARN_UNGUARDED_AVAILABILITY = YES_AGGRESSIVE;
				CLANG_WARN_UNREACHABLE_CODE = YES;
				CLANG_WARN__DUPLICATE_METHOD_MATCH = YES;
				COPY_PHASE_STRIP = NO;
				DEBUG_INFORMATION_FORMAT = "dwarf-with-dsym";
				ENABLE_NS_ASSERTIONS = NO;
				ENABLE_STRICT_OBJC_MSGSEND = YES;
				GCC_C_LANGUAGE_STANDARD = gnu11;
				GCC_NO_COMMON_BLOCKS = YES;
				GCC_WARN_64_TO_32_BIT_CONVERSION = YES;
				GCC_WARN_ABOUT_RETURN_TYPE = YES_ERROR;
				GCC_WARN_UNDECLARED_SELECTOR = YES;
				GCC_WARN_UNINITIALIZED_AUTOS = YES_AGGRESSIVE;
				GCC_WARN_UNUSED_FUNCTION = YES;
				GCC_WARN_UNUSED_VARIABLE = YES;
				IPHONEOS_DEPLOYMENT_TARGET = 16.2;
				MTL_ENABLE_DEBUG_INFO = NO;
				MTL_FAST_MATH = YES;
				SDKROOT = iphoneos;
				SWIFT_COMPILATION_MODE = wholemodule;
				SWIFT_OPTIMIZATION_LEVEL = "-O";
				VALIDATE_PRODUCT = YES;
			};
			name = Release;
		};
		1E906C2E297C32FD00EA4406 /* Debug */ = {
			isa = XCBuildConfiguration;
			buildSettings = {
				ASSETCATALOG_COMPILER_APPICON_NAME = AppIcon;
				ASSETCATALOG_COMPILER_GLOBAL_ACCENT_COLOR_NAME = AccentColor;
				CODE_SIGN_STYLE = Automatic;
				CURRENT_PROJECT_VERSION = 1;
				DEVELOPMENT_TEAM = 74W24JL45K;
				GENERATE_INFOPLIST_FILE = YES;
				INFOPLIST_FILE = MVVMExample/Info.plist;
				INFOPLIST_KEY_UIApplicationSupportsIndirectInputEvents = YES;
				INFOPLIST_KEY_UILaunchStoryboardName = LaunchScreen;
				INFOPLIST_KEY_UIMainStoryboardFile = Main;
				INFOPLIST_KEY_UISupportedInterfaceOrientations_iPad = "UIInterfaceOrientationPortrait UIInterfaceOrientationPortraitUpsideDown UIInterfaceOrientationLandscapeLeft UIInterfaceOrientationLandscapeRight";
				INFOPLIST_KEY_UISupportedInterfaceOrientations_iPhone = "UIInterfaceOrientationPortrait UIInterfaceOrientationLandscapeLeft UIInterfaceOrientationLandscapeRight";
				LD_RUNPATH_SEARCH_PATHS = (
					"$(inherited)",
					"@executable_path/Frameworks",
				);
				MARKETING_VERSION = 1.0;
				PRODUCT_BUNDLE_IDENTIFIER = com.caliskanzafer.MVVMExample;
				PRODUCT_NAME = "$(TARGET_NAME)";
				SWIFT_EMIT_LOC_STRINGS = YES;
				SWIFT_VERSION = 5.0;
				TARGETED_DEVICE_FAMILY = "1,2";
			};
			name = Debug;
		};
		1E906C2F297C32FD00EA4406 /* Release */ = {
			isa = XCBuildConfiguration;
			buildSettings = {
				ASSETCATALOG_COMPILER_APPICON_NAME = AppIcon;
				ASSETCATALOG_COMPILER_GLOBAL_ACCENT_COLOR_NAME = AccentColor;
				CODE_SIGN_STYLE = Automatic;
				CURRENT_PROJECT_VERSION = 1;
				DEVELOPMENT_TEAM = 74W24JL45K;
				GENERATE_INFOPLIST_FILE = YES;
				INFOPLIST_FILE = MVVMExample/Info.plist;
				INFOPLIST_KEY_UIApplicationSupportsIndirectInputEvents = YES;
				INFOPLIST_KEY_UILaunchStoryboardName = LaunchScreen;
				INFOPLIST_KEY_UIMainStoryboardFile = Main;
				INFOPLIST_KEY_UISupportedInterfaceOrientations_iPad = "UIInterfaceOrientationPortrait UIInterfaceOrientationPortraitUpsideDown UIInterfaceOrientationLandscapeLeft UIInterfaceOrientationLandscapeRight";
				INFOPLIST_KEY_UISupportedInterfaceOrientations_iPhone = "UIInterfaceOrientationPortrait UIInterfaceOrientationLandscapeLeft UIInterfaceOrientationLandscapeRight";
				LD_RUNPATH_SEARCH_PATHS = (
					"$(inherited)",
					"@executable_path/Frameworks",
				);
				MARKETING_VERSION = 1.0;
				PRODUCT_BUNDLE_IDENTIFIER = com.caliskanzafer.MVVMExample;
				PRODUCT_NAME = "$(TARGET_NAME)";
				SWIFT_EMIT_LOC_STRINGS = YES;
				SWIFT_VERSION = 5.0;
				TARGETED_DEVICE_FAMILY = "1,2";
			};
			name = Release;
		};
/* End XCBuildConfiguration section */

/* Begin XCConfigurationList section */
		1E906C14297C32FC00EA4406 /* Build configuration list for PBXProject "MVVMExample" */ = {
			isa = XCConfigurationList;
			buildConfigurations = (
				1E906C2B297C32FD00EA4406 /* Debug */,
				1E906C2C297C32FD00EA4406 /* Release */,
			);
			defaultConfigurationIsVisible = 0;
			defaultConfigurationName = Release;
		};
		1E906C2D297C32FD00EA4406 /* Build configuration list for PBXNativeTarget "MVVMExample" */ = {
			isa = XCConfigurationList;
			buildConfigurations = (
				1E906C2E297C32FD00EA4406 /* Debug */,
				1E906C2F297C32FD00EA4406 /* Release */,
			);
			defaultConfigurationIsVisible = 0;
			defaultConfigurationName = Release;
		};
/* End XCConfigurationList section */

/* Begin XCVersionGroup section */
		1E906C3B297C3E9300EA4406 /* MVVMExample.xcdatamodeld */ = {
			isa = XCVersionGroup;
			children = (
				1E906C3C297C3E9300EA4406 /* MVVMExample.xcdatamodel */,
			);
			currentVersion = 1E906C3C297C3E9300EA4406 /* MVVMExample.xcdatamodel */;
			path = MVVMExample.xcdatamodeld;
			sourceTree = "<group>";
			versionGroupType = wrapper.xcdatamodel;
		};
/* End XCVersionGroup section */
	};
	rootObject = 1E906C11297C32FC00EA4406 /* Project object */;
}
